
Microsoft Visual Studio Solution File, Format Version 12.00
# Visual Studio Version 16
VisualStudioVersion = 16.0.31019.35
MinimumVisualStudioVersion = 10.0.40219.1
Project("{FAE04EC0-301F-11D3-BF4B-00C04F79EFBC}") = "Sintaxis1", "Sintaxis1.csproj", "{531838CB-6B3D-4988-96A9-7BA25B4C9FBA}"
EndProject
Global
	GlobalSection(SolutionConfigurationPlatforms) = preSolution
		Debug|Any CPU = Debug|Any CPU
		Release|Any CPU = Release|Any CPU
	EndGlobalSection
	GlobalSection(ProjectConfigurationPlatforms) = postSolution
		{531838CB-6B3D-4988-96A9-7BA25B4C9FBA}.Debug|Any CPU.ActiveCfg = Debug|Any CPU
		{531838CB-6B3D-4988-96A9-7BA25B4C9FBA}.Debug|Any CPU.Build.0 = Debug|Any CPU
		{531838CB-6B3D-4988-96A9-7BA25B4C9FBA}.Release|Any CPU.ActiveCfg = Release|Any CPU
		{531838CB-6B3D-4988-96A9-7BA25B4C9FBA}.Release|Any CPU.Build.0 = Release|Any CPU
	EndGlobalSection
	GlobalSection(SolutionProperties) = preSolution
		HideSolutionNode = FALSE
	EndGlobalSection
	GlobalSection(ExtensibilityGlobals) = postSolution
		SolutionGuid = {1977D678-0932-4EB9-81C6-D3C84FA47A69}
	EndGlobalSection
EndGlobal
